
Microsoft Visual Studio Solution File, Format Version 12.00
# Visual Studio 15
VisualStudioVersion = 15.0.28307.168
MinimumVisualStudioVersion = 10.0.40219.1
Project("{FAE04EC0-301F-11D3-BF4B-00C04F79EFBC}") = "Estudo_MsTest", "Estudo_MsTest\Estudo_MsTest.csproj", "{C8D4CDCF-133C-435D-B88A-099AE5F6E39A}"
EndProject
Project("{FAE04EC0-301F-11D3-BF4B-00C04F79EFBC}") = "Estudo_XUnit", "Estudo_XUnit\Estudo_XUnit.csproj", "{189677FC-4674-406E-B4E2-B1723A3FEC61}"
EndProject
Project("{FAE04EC0-301F-11D3-BF4B-00C04F79EFBC}") = "Estudo_Api", "Estudo_Api\Estudo_Api.csproj", "{4016D645-3DF7-483D-AC11-8109B97D4983}"
EndProject
Project("{FAE04EC0-301F-11D3-BF4B-00C04F79EFBC}") = "Estudo_Component", "Estudo_Component\Estudo_Component.csproj", "{4B37B5EA-D068-4B4A-84F2-3388149FA570}"
EndProject
Project("{FAE04EC0-301F-11D3-BF4B-00C04F79EFBC}") = "Estudo_Repositories", "Estudo_Repositories\Estudo_Repositories.csproj", "{D47F229C-647A-4C6C-AB23-18E8BE7FB339}"
EndProject
Global
	GlobalSection(SolutionConfigurationPlatforms) = preSolution
		Debug|Any CPU = Debug|Any CPU
		Release|Any CPU = Release|Any CPU
	EndGlobalSection
	GlobalSection(ProjectConfigurationPlatforms) = postSolution
		{C8D4CDCF-133C-435D-B88A-099AE5F6E39A}.Debug|Any CPU.ActiveCfg = Debug|Any CPU
		{C8D4CDCF-133C-435D-B88A-099AE5F6E39A}.Debug|Any CPU.Build.0 = Debug|Any CPU
		{C8D4CDCF-133C-435D-B88A-099AE5F6E39A}.Release|Any CPU.ActiveCfg = Release|Any CPU
		{C8D4CDCF-133C-435D-B88A-099AE5F6E39A}.Release|Any CPU.Build.0 = Release|Any CPU
		{189677FC-4674-406E-B4E2-B1723A3FEC61}.Debug|Any CPU.ActiveCfg = Debug|Any CPU
		{189677FC-4674-406E-B4E2-B1723A3FEC61}.Debug|Any CPU.Build.0 = Debug|Any CPU
		{189677FC-4674-406E-B4E2-B1723A3FEC61}.Release|Any CPU.ActiveCfg = Release|Any CPU
		{189677FC-4674-406E-B4E2-B1723A3FEC61}.Release|Any CPU.Build.0 = Release|Any CPU
		{4016D645-3DF7-483D-AC11-8109B97D4983}.Debug|Any CPU.ActiveCfg = Debug|Any CPU
		{4016D645-3DF7-483D-AC11-8109B97D4983}.Debug|Any CPU.Build.0 = Debug|Any CPU
		{4016D645-3DF7-483D-AC11-8109B97D4983}.Release|Any CPU.ActiveCfg = Release|Any CPU
		{4016D645-3DF7-483D-AC11-8109B97D4983}.Release|Any CPU.Build.0 = Release|Any CPU
		{4B37B5EA-D068-4B4A-84F2-3388149FA570}.Debug|Any CPU.ActiveCfg = Debug|Any CPU
		{4B37B5EA-D068-4B4A-84F2-3388149FA570}.Debug|Any CPU.Build.0 = Debug|Any CPU
		{4B37B5EA-D068-4B4A-84F2-3388149FA570}.Release|Any CPU.ActiveCfg = Release|Any CPU
		{4B37B5EA-D068-4B4A-84F2-3388149FA570}.Release|Any CPU.Build.0 = Release|Any CPU
		{D47F229C-647A-4C6C-AB23-18E8BE7FB339}.Debug|Any CPU.ActiveCfg = Debug|Any CPU
		{D47F229C-647A-4C6C-AB23-18E8BE7FB339}.Debug|Any CPU.Build.0 = Debug|Any CPU
		{D47F229C-647A-4C6C-AB23-18E8BE7FB339}.Release|Any CPU.ActiveCfg = Release|Any CPU
		{D47F229C-647A-4C6C-AB23-18E8BE7FB339}.Release|Any CPU.Build.0 = Release|Any CPU
	EndGlobalSection
	GlobalSection(SolutionProperties) = preSolution
		HideSolutionNode = FALSE
	EndGlobalSection
	GlobalSection(ExtensibilityGlobals) = postSolution
		SolutionGuid = {A7D13B85-65AA-4D60-877C-F32949F926AD}
	EndGlobalSection
EndGlobal
